GIT
  remote: https://github.com/rbgfx/flipbook.git
  revision: 48effb09242f912279f02c79ef5e08f3eee669b5
  ref: 48effb09242f912279f02c79ef5e08f3eee669b5
  specs:
    flipbook (0.3.0)
      tessel (>= 0.2.0, < 1.0)

GIT
  remote: https://github.com/rbgfx/glyphic.git
  revision: 374d49e53b510d6fe65944cc8ebb9a4aeb2942d2
  ref: 374d49e53b510d6fe65944cc8ebb9a4aeb2942d2
  specs:
    glyphic (0.1.0)
      tessel (>= 0.1.0)

GIT
  remote: https://github.com/rbgfx/lookalike.git
  revision: 7ef5be908476e9421e32406b121eb85ac8238e58
  ref: 7ef5be908476e9421e32406b121eb85ac8238e58
  specs:
    lookalike (0.1.0)
      tessel (>= 0.1.0)

GIT
  remote: https://github.com/rbgfx/tessel.git
  revision: 60c355d80ba415515289e3ff39bd002677b19f03
  ref: 60c355d80ba415515289e3ff39bd002677b19f03
  specs:
    tessel (0.2.0)

PATH
  remote: .
  specs:
    retouch (0.3.0)
      tessel (>= 0.2.0, < 1)

GEM
  remote: https://rubygems.org/
  specs:
    ast (2.4.3)
    docile (1.4.1)
    json (3.0.2)
    language_server-protocol (3.17.0.6)
    lint_roller (1.1.0)
    logger (1.7.0)
    parallel (2.1.0)
    parser (3.3.12.0)
      ast (~> 2.4.1)
      racc
    power_assert (3.1.0)
    prism (1.9.0)
    racc (1.8.1)
    rainbow (3.1.1)
    rake (13.4.2)
    rbs (3.10.4)
      logger
      tsort
    regexp_parser (2.13.0)
    rubocop (1.91.0)
      json (>= 2.3)
      language_server-protocol (~> 3.17.0.2)
      lint_roller (~> 1.1.0)
      parallel (>= 1.10)
      parser (>= 3.3.0.2)
      rainbow (>= 2.2.2, < 4.0)
      regexp_parser (>= 2.9.3, < 3.0)
      rubocop-ast (>= 1.49.0, < 2.0)
      ruby-progressbar (~> 1.7)
      unicode-display_width (>= 2.4.0, < 4.0)
    rubocop-ast (1.50.0)
      parser (>= 3.3.7.2)
      prism (~> 1.7)
    ruby-progressbar (1.13.0)
    simplecov (0.22.0)
      docile (~> 1.1)
      simplecov-html (~> 0.11)
      simplecov_json_formatter (~> 0.1)
    simplecov-html (0.13.2)
    simplecov_json_formatter (0.1.4)
    test-unit (3.7.8)
      power_assert
    tsort (0.2.0)
    unicode-display_width (3.3.0)
      unicode-emoji (~> 4.3)
    unicode-emoji (4.3.0)

PLATFORMS
  arm64-darwin-25
  ruby

DEPENDENCIES
  flipbook!
  glyphic!
  lookalike!
  parallel (< 2.2)
  rake (~> 13.0)
  rbs (~> 3.0)
  retouch!
  rubocop (~> 1.0)
  simplecov (~> 0.22)
  tessel!
  test-unit (~> 3.6)

CHECKSUMS
  ast (2.4.3) sha256=954615157c1d6a382bc27d690d973195e79db7f55e9765ac7c481c60bdb4d383
  docile (1.4.1) sha256=96159be799bfa73cdb721b840e9802126e4e03dfc26863db73647204c727f21e
  flipbook (0.3.0)
  glyphic (0.1.0)
  json (3.0.2) sha256=8e6d7e7b11384c21230430cef90b71f14849a34a1f4452796670f7c981bd19df
  language_server-protocol (3.17.0.6) sha256=5ef2c0c138f8267e1bc631d3328347d354f96724b0af22f2c79516120443b7f0
  lint_roller (1.1.0) sha256=2c0c845b632a7d172cb849cc90c1bce937a28c5c8ccccb50dfd46a485003cc87
  logger (1.7.0) sha256=196edec7cc44b66cfb40f9755ce11b392f21f7967696af15d274dde7edff0203
  lookalike (0.1.0)
  parallel (2.1.0) sha256=b35258865c2e31134c5ecb708beaaf6772adf9d5efae28e93e99260877b09356
  parser (3.3.12.0) sha256=21a6d7f755d5a24dfbdc6e6b772e4e879a52e7631a88bc5a3a134606052c9828
  power_assert (3.1.0) sha256=fefe98ed5d3140628138f3f9f9194d6ece01f1320e69700d3c928adca7518251
  prism (1.9.0) sha256=7b530c6a9f92c24300014919c9dcbc055bf4cdf51ec30aed099b06cd6674ef85
  racc (1.8.1) sha256=4a7f6929691dbec8b5209a0b373bc2614882b55fc5d2e447a21aaa691303d62f
  rainbow (3.1.1) sha256=039491aa3a89f42efa1d6dec2fc4e62ede96eb6acd95e52f1ad581182b79bc6a
  rake (13.4.2) sha256=cb825b2bd5f1f8e91ca37bddb4b9aaf345551b4731da62949be002fa89283701
  rbs (3.10.4) sha256=b17d7c4be4bb31a11a3b529830f0aa206a807ca42f2e7921a3027dfc6b7e5ce8
  regexp_parser (2.13.0) sha256=d105d95d2138954e73914d2fbfb3d0a8f8605a49a3e89864c32e78b9107cb770
  retouch (0.3.0)
  rubocop (1.91.0) sha256=9c82b7bf391c5d7e3798c5b9996e22a1fe3bd7468e351dfdeb96140c058296d0
  rubocop-ast (1.50.0) sha256=b9ca88300da0803ee222ad20cdb30494c0a784eed06fdc35d254b06d662788db
  ruby-progressbar (1.13.0) sha256=80fc9c47a9b640d6834e0dc7b3c94c9df37f08cb072b7761e4a71e22cff29b33
  simplecov (0.22.0) sha256=fe2622c7834ff23b98066bb0a854284b2729a569ac659f82621fc22ef36213a5
  simplecov-html (0.13.2) sha256=bd0b8e54e7c2d7685927e8d6286466359b6f16b18cb0df47b508e8d73c777246
  simplecov_json_formatter (0.1.4) sha256=529418fbe8de1713ac2b2d612aa3daa56d316975d307244399fa4838c601b428
  tessel (0.2.0)
  test-unit (3.7.8) sha256=689d1ca53f4d46f678b4e5d68d8e4294f87fc5e8b9238cc4de7c5727e8d65943
  tsort (0.2.0) sha256=9650a793f6859a43b6641671278f79cfead60ac714148aabe4e3f0060480089f
  unicode-display_width (3.3.0) sha256=4b7aa66a4b11db50f6f7e98411215cd0dd10eaecb665d36eec5bcacb3fa0b613
  unicode-emoji (4.3.0) sha256=11c02fa73290378c066bb0562cd4c87d8e1b706fbbe0059ca12746a4244de8ce

BUNDLED WITH
   2.6.9
